
Microsoft Visual Studio Solution File, Format Version 12.00
# Visual Studio Version 16
VisualStudioVersion = 16.0.29613.14
MinimumVisualStudioVersion = 10.0.40219.1
Project("{FAE04EC0-301F-11D3-BF4B-00C04F79EFBC}") = "MyAppointments", "MyAppointments.csproj", "{F3F7A337-B916-4020-A22E-C230AC1E3F36}"
EndProject
Global
	GlobalSection(SolutionConfigurationPlatforms) = preSolution
		Debug|Any CPU = Debug|Any CPU
		Release|Any CPU = Release|Any CPU
	EndGlobalSection
	GlobalSection(ProjectConfigurationPlatforms) = postSolution
		{F3F7A337-B916-4020-A22E-C230AC1E3F36}.Debug|Any CPU.ActiveCfg = Debug|Any CPU
		{F3F7A337-B916-4020-A22E-C230AC1E3F36}.Debug|Any CPU.Build.0 = Debug|Any CPU
		{F3F7A337-B916-4020-A22E-C230AC1E3F36}.Release|Any CPU.ActiveCfg = Release|Any CPU
		{F3F7A337-B916-4020-A22E-C230AC1E3F36}.Release|Any CPU.Build.0 = Release|Any CPU
	EndGlobalSection
	GlobalSection(SolutionProperties) = preSolution
		HideSolutionNode = FALSE
	EndGlobalSection
	GlobalSection(ExtensibilityGlobals) = postSolution
		SolutionGuid = {CA0A4825-DDB6-479F-A640-F9963ABDFA99}
	EndGlobalSection
EndGlobal
